// !$*UTF8*$!
{
	archiveVersion = 1;
	classes = {
	};
	objectVersion = 46;
	objects = {

/* Begin PBXBuildFile section */
		C03F00E61BB7A672002BA7F3 /* AppDelegate.swift in Sources */ = {isa = PBXBuildFile; fileRef = C03F00E51BB7A672002BA7F3 /* AppDelegate.swift */; };
		C03F00E81BB7A672002BA7F3 /* ViewController.swift in Sources */ = {isa = PBXBuildFile; fileRef = C03F00E71BB7A672002BA7F3 /* ViewController.swift */; };
		C03F00EB1BB7A672002BA7F3 /* Main.storyboard in Resources */ = {isa = PBXBuildFile; fileRef = C03F00E91BB7A672002BA7F3 /* Main.storyboard */; };
		C03F00EE1BB7A672002BA7F3 /* VirtualTourist.xcdatamodeld in Sources */ = {isa = PBXBuildFile; fileRef = C03F00EC1BB7A672002BA7F3 /* VirtualTourist.xcdatamodeld */; };
		C03F00F01BB7A672002BA7F3 /* Assets.xcassets in Resources */ = {isa = PBXBuildFile; fileRef = C03F00EF1BB7A672002BA7F3 /* Assets.xcassets */; };
		C03F00F31BB7A672002BA7F3 /* LaunchScreen.storyboard in Resources */ = {isa = PBXBuildFile; fileRef = C03F00F11BB7A672002BA7F3 /* LaunchScreen.storyboard */; };
		C03F00FE1BB7A672002BA7F3 /* VirtualTouristTests.swift in Sources */ = {isa = PBXBuildFile; fileRef = C03F00FD1BB7A672002BA7F3 /* VirtualTouristTests.swift */; };
		C03F01091BB7A672002BA7F3 /* VirtualTouristUITests.swift in Sources */ = {isa = PBXBuildFile; fileRef = C03F01081BB7A672002BA7F3 /* VirtualTouristUITests.swift */; };
		C03F01171BB7A7D7002BA7F3 /* MapViewController.swift in Sources */ = {isa = PBXBuildFile; fileRef = C03F01161BB7A7D7002BA7F3 /* MapViewController.swift */; settings = {ASSET_TAGS = (); }; };
		C0D4264E1BBA401D00311C0F /* PhotoGalleryViewController.swift in Sources */ = {isa = PBXBuildFile; fileRef = C0D4264D1BBA401D00311C0F /* PhotoGalleryViewController.swift */; settings = {ASSET_TAGS = (); }; };
		C0D426501BBB889C00311C0F /* CollectionViewCell.swift in Sources */ = {isa = PBXBuildFile; fileRef = C0D4264F1BBB889C00311C0F /* CollectionViewCell.swift */; settings = {ASSET_TAGS = (); }; };
		C0D426521BBBA46F00311C0F /* GeoExtensions.swift in Sources */ = {isa = PBXBuildFile; fileRef = C0D426511BBBA46F00311C0F /* GeoExtensions.swift */; settings = {ASSET_TAGS = (); }; };
		C0D426541BBBA9D200311C0F /* FlickrAPIs.swift in Sources */ = {isa = PBXBuildFile; fileRef = C0D426531BBBA9D200311C0F /* FlickrAPIs.swift */; settings = {ASSET_TAGS = (); }; };
		C0D426581BBE3DED00311C0F /* PhotoFullViewController.swift in Sources */ = {isa = PBXBuildFile; fileRef = C0D426571BBE3DED00311C0F /* PhotoFullViewController.swift */; settings = {ASSET_TAGS = (); }; };
/* End PBXBuildFile section */

/* Begin PBXContainerItemProxy section */
		C03F00FA1BB7A672002BA7F3 /* PBXContainerItemProxy */ = {
			isa = PBXContainerItemProxy;
			containerPortal = C03F00DA1BB7A672002BA7F3 /* Project object */;
			proxyType = 1;
			remoteGlobalIDString = C03F00E11BB7A672002BA7F3;
			remoteInfo = VirtualTourist;
		};
		C03F01051BB7A672002BA7F3 /* PBXContainerItemProxy */ = {
			isa = PBXContainerItemProxy;
			containerPortal = C03F00DA1BB7A672002BA7F3 /* Project object */;
			proxyType = 1;
			remoteGlobalIDString = C03F00E11BB7A672002BA7F3;
			remoteInfo = VirtualTourist;
		};
/* End PBXContainerItemProxy section */

/* Begin PBXFileReference section */
		C03F00E21BB7A672002BA7F3 /* VirtualTourist.app */ = {isa = PBXFileReference; explicitFileType = wrapper.application; includeInIndex = 0; path = VirtualTourist.app; sourceTree = BUILT_PRODUCTS_DIR; };
		C03F00E51BB7A672002BA7F3 /* AppDelegate.swift */ = {isa = PBXFileReference; lastKnownFileType = sourcecode.swift; path = AppDelegate.swift; sourceTree = "<group>"; };
		C03F00E71BB7A672002BA7F3 /* ViewController.swift */ = {isa = PBXFileReference; lastKnownFileType = sourcecode.swift; path = ViewController.swift; sourceTree = "<group>"; };
		C03F00EA1BB7A672002BA7F3 /* Base */ = {isa = PBXFileReference; lastKnownFileType = file.storyboard; name = Base; path = Base.lproj/Main.storyboard; sourceTree = "<group>"; };
		C03F00ED1BB7A672002BA7F3 /* VirtualTourist.xcdatamodel */ = {isa = PBXFileReference; lastKnownFileType = wrapper.xcdatamodel; path = VirtualTourist.xcdatamodel; sourceTree = "<group>"; };
		C03F00EF1BB7A672002BA7F3 /* Assets.xcassets */ = {isa = PBXFileReference; lastKnownFileType = folder.assetcatalog; path = Assets.xcassets; sourceTree = "<group>"; };
		C03F00F21BB7A672002BA7F3 /* Base */ = {isa = PBXFileReference; lastKnownFileType = file.storyboard; name = Base; path = Base.lproj/LaunchScreen.storyboard; sourceTree = "<group>"; };
		C03F00F41BB7A672002BA7F3 /* Info.plist */ = {isa = PBXFileReference; lastKnownFileType = text.plist.xml; path = Info.plist; sourceTree = "<group>"; };
		C03F00F91BB7A672002BA7F3 /* VirtualTouristTests.xctest */ = {isa = PBXFileReference; explicitFileType = wrapper.cfbundle; includeInIndex = 0; path = VirtualTouristTests.xctest; sourceTree = BUILT_PRODUCTS_DIR; };
		C03F00FD1BB7A672002BA7F3 /* VirtualTouristTests.swift */ = {isa = PBXFileReference; lastKnownFileType = sourcecode.swift; path = VirtualTouristTests.swift; sourceTree = "<group>"; };
		C03F00FF1BB7A672002BA7F3 /* Info.plist */ = {isa = PBXFileReference; lastKnownFileType = text.plist.xml; path = Info.plist; sourceTree = "<group>"; };
		C03F01041BB7A672002BA7F3 /* VirtualTouristUITests.xctest */ = {isa = PBXFileReference; explicitFileType = wrapper.cfbundle; includeInIndex = 0; path = VirtualTouristUITests.xctest; sourceTree = BUILT_PRODUCTS_DIR; };
		C03F01081BB7A672002BA7F3 /* VirtualTouristUITests.swift */ = {isa = PBXFileReference; lastKnownFileType = sourcecode.swift; path = VirtualTouristUITests.swift; sourceTree = "<group>"; };
		C03F010A1BB7A672002BA7F3 /* Info.plist */ = {isa = PBXFileReference; lastKnownFileType = text.plist.xml; path = Info.plist; sourceTree = "<group>"; };
		C03F01161BB7A7D7002BA7F3 /* MapViewController.swift */ = {isa = PBXFileReference; fileEncoding = 4; lastKnownFileType = sourcecode.swift; path = MapViewController.swift; sourceTree = "<group>"; };
		C0D4264D1BBA401D00311C0F /* PhotoGalleryViewController.swift */ = {isa = PBXFileReference; fileEncoding = 4; lastKnownFileType = sourcecode.swift; path = PhotoGalleryViewController.swift; sourceTree = "<group>"; };
		C0D4264F1BBB889C00311C0F /* CollectionViewCell.swift */ = {isa = PBXFileReference; fileEncoding = 4; lastKnownFileType = sourcecode.swift; path = CollectionViewCell.swift; sourceTree = "<group>"; };
		C0D426511BBBA46F00311C0F /* GeoExtensions.swift */ = {isa = PBXFileReference; fileEncoding = 4; lastKnownFileType = sourcecode.swift; path = GeoExtensions.swift; sourceTree = "<group>"; };
		C0D426531BBBA9D200311C0F /* FlickrAPIs.swift */ = {isa = PBXFileReference; fileEncoding = 4; lastKnownFileType = sourcecode.swift; path = FlickrAPIs.swift; sourceTree = "<group>"; };
		C0D426571BBE3DED00311C0F /* PhotoFullViewController.swift */ = {isa = PBXFileReference; fileEncoding = 4; lastKnownFileType = sourcecode.swift; name = PhotoFullViewController.swift; path = ../PhotoFullViewController.swift; sourceTree = "<group>"; };
/* End PBXFileReference section */

/* Begin PBXFrameworksBuildPhase section */
		C03F00DF1BB7A672002BA7F3 /* Frameworks */ = {
			isa = PBXFrameworksBuildPhase;
			buildActionMask = 2147483647;
			files = (
			);
			runOnlyForDeploymentPostprocessing = 0;
		};
		C03F00F61BB7A672002BA7F3 /* Frameworks */ = {
			isa = PBXFrameworksBuildPhase;
			buildActionMask = 2147483647;
			files = (
			);
			runOnlyForDeploymentPostprocessing = 0;
		};
		C03F01011BB7A672002BA7F3 /* Frameworks */ = {
			isa = PBXFrameworksBuildPhase;
			buildActionMask = 2147483647;
			files = (
			);
			runOnlyForDeploymentPostprocessing = 0;
		};
/* End PBXFrameworksBuildPhase section */

/* Begin PBXGroup section */
		C03F00D91BB7A672002BA7F3 = {
			isa = PBXGroup;
			children = (
				C03F00E41BB7A672002BA7F3 /* VirtualTourist */,
				C03F00FC1BB7A672002BA7F3 /* VirtualTouristTests */,
				C03F01071BB7A672002BA7F3 /* VirtualTouristUITests */,
				C03F00E31BB7A672002BA7F3 /* Products */,
			);
			sourceTree = "<group>";
		};
		C03F00E31BB7A672002BA7F3 /* Products */ = {
			isa = PBXGroup;
			children = (
				C03F00E21BB7A672002BA7F3 /* VirtualTourist.app */,
				C03F00F91BB7A672002BA7F3 /* VirtualTouristTests.xctest */,
				C03F01041BB7A672002BA7F3 /* VirtualTouristUITests.xctest */,
			);
			name = Products;
			sourceTree = "<group>";
		};
		C03F00E41BB7A672002BA7F3 /* VirtualTourist */ = {
			isa = PBXGroup;
			children = (
				C03F00E51BB7A672002BA7F3 /* AppDelegate.swift */,
				C03F00E71BB7A672002BA7F3 /* ViewController.swift */,
				C0D426511BBBA46F00311C0F /* GeoExtensions.swift */,
				C0D426531BBBA9D200311C0F /* FlickrAPIs.swift */,
				C03F01161BB7A7D7002BA7F3 /* MapViewController.swift */,
				C0D4264D1BBA401D00311C0F /* PhotoGalleryViewController.swift */,
				C0D4264F1BBB889C00311C0F /* CollectionViewCell.swift */,
				C0D426571BBE3DED00311C0F /* PhotoFullViewController.swift */,
				C03F00E91BB7A672002BA7F3 /* Main.storyboard */,
				C03F00EF1BB7A672002BA7F3 /* Assets.xcassets */,
				C03F00F11BB7A672002BA7F3 /* LaunchScreen.storyboard */,
				C03F00F41BB7A672002BA7F3 /* Info.plist */,
				C03F00EC1BB7A672002BA7F3 /* VirtualTourist.xcdatamodeld */,
			);
			path = VirtualTourist;
			sourceTree = "<group>";
		};
		C03F00FC1BB7A672002BA7F3 /* VirtualTouristTests */ = {
			isa = PBXGroup;
			children = (
				C03F00FD1BB7A672002BA7F3 /* VirtualTouristTests.swift */,
				C03F00FF1BB7A672002BA7F3 /* Info.plist */,
			);
			path = VirtualTouristTests;
			sourceTree = "<group>";
		};
		C03F01071BB7A672002BA7F3 /* VirtualTouristUITests */ = {
			isa = PBXGroup;
			children = (
				C03F01081BB7A672002BA7F3 /* VirtualTouristUITests.swift */,
				C03F010A1BB7A672002BA7F3 /* Info.plist */,
			);
			path = VirtualTouristUITests;
			sourceTree = "<group>";
		};
/* End PBXGroup section */

/* Begin PBXNativeTarget section */
		C03F00E11BB7A672002BA7F3 /* VirtualTourist */ = {
			isa = PBXNativeTarget;
			buildConfigurationList = C03F010D1BB7A672002BA7F3 /* Build configuration list for PBXNativeTarget "VirtualTourist" */;
			buildPhases = (
				C03F00DE1BB7A672002BA7F3 /* Sources */,
				C03F00DF1BB7A672002BA7F3 /* Frameworks */,
				C03F00E01BB7A672002BA7F3 /* Resources */,
			);
			buildRules = (
			);
			dependencies = (
			);
			name = VirtualTourist;
			productName = VirtualTourist;
			productReference = C03F00E21BB7A672002BA7F3 /* VirtualTourist.app */;
			productType = "com.apple.product-type.application";
		};
		C03F00F81BB7A672002BA7F3 /* VirtualTouristTests */ = {
			isa = PBXNativeTarget;
			buildConfigurationList = C03F01101BB7A672002BA7F3 /* Build configuration list for PBXNativeTarget "VirtualTouristTests" */;
			buildPhases = (
				C03F00F51BB7A672002BA7F3 /* Sources */,
				C03F00F61BB7A672002BA7F3 /* Frameworks */,
				C03F00F71BB7A672002BA7F3 /* Resources */,
			);
			buildRules = (
			);
			dependencies = (
				C03F00FB1BB7A672002BA7F3 /* PBXTargetDependency */,
			);
			name = VirtualTouristTests;
			productName = VirtualTouristTests;
			productReference = C03F00F91BB7A672002BA7F3 /* VirtualTouristTests.xctest */;
			productType = "com.apple.product-type.bundle.unit-test";
		};
		C03F01031BB7A672002BA7F3 /* VirtualTouristUITests */ = {
			isa = PBXNativeTarget;
			buildConfigurationList = C03F01131BB7A672002BA7F3 /* Build configuration list for PBXNativeTarget "VirtualTouristUITests" */;
			buildPhases = (
				C03F01001BB7A672002BA7F3 /* Sources */,
				C03F01011BB7A672002BA7F3 /* Frameworks */,
				C03F01021BB7A672002BA7F3 /* Resources */,
			);
			buildRules = (
			);
			dependencies = (
				C03F01061BB7A672002BA7F3 /* PBXTargetDependency */,
			);
			name = VirtualTouristUITests;
			productName = VirtualTouristUITests;
			productReference = C03F01041BB7A672002BA7F3 /* VirtualTouristUITests.xctest */;
			productType = "com.apple.product-type.bundle.ui-testing";
		};
/* End PBXNativeTarget section */

/* Begin PBXProject section */
		C03F00DA1BB7A672002BA7F3 /* Project object */ = {
			isa = PBXProject;
			attributes = {
				LastUpgradeCheck = 0700;
				ORGANIZATIONNAME = "Laurent Nicolas";
				TargetAttributes = {
					C03F00E11BB7A672002BA7F3 = {
						CreatedOnToolsVersion = 7.0;
					};
					C03F00F81BB7A672002BA7F3 = {
						CreatedOnToolsVersion = 7.0;
						TestTargetID = C03F00E11BB7A672002BA7F3;
					};
					C03F01031BB7A672002BA7F3 = {
						CreatedOnToolsVersion = 7.0;
						TestTargetID = C03F00E11BB7A672002BA7F3;
					};
				};
			};
			buildConfigurationList = C03F00DD1BB7A672002BA7F3 /* Build configuration list for PBXProject "VirtualTourist" */;
			compatibilityVersion = "Xcode 3.2";
			developmentRegion = English;
			hasScannedForEncodings = 0;
			knownRegions = (
				en,
				Base,
			);
			mainGroup = C03F00D91BB7A672002BA7F3;
			productRefGroup = C03F00E31BB7A672002BA7F3 /* Products */;
			projectDirPath = "";
			projectRoot = "";
			targets = (
				C03F00E11BB7A672002BA7F3 /* VirtualTourist */,
				C03F00F81BB7A672002BA7F3 /* VirtualTouristTests */,
				C03F01031BB7A672002BA7F3 /* VirtualTouristUITests */,
			);
		};
/* End PBXProject section */

/* Begin PBXResourcesBuildPhase section */
		C03F00E01BB7A672002BA7F3 /* Resources */ = {
			isa = PBXResourcesBuildPhase;
			buildActionMask = 2147483647;
			files = (
				C03F00F31BB7A672002BA7F3 /* LaunchScreen.storyboard in Resources */,
				C03F00F01BB7A672002BA7F3 /* Assets.xcassets in Resources */,
				C03F00EB1BB7A672002BA7F3 /* Main.storyboard in Resources */,
			);
			runOnlyForDeploymentPostprocessing = 0;
		};
		C03F00F71BB7A672002BA7F3 /* Resources */ = {
			isa = PBXResourcesBuildPhase;
			buildActionMask = 2147483647;
			files = (
			);
			runOnlyForDeploymentPostprocessing = 0;
		};
		C03F01021BB7A672002BA7F3 /* Resources */ = {
			isa = PBXResourcesBuildPhase;
			buildActionMask = 2147483647;
			files = (
			);
			runOnlyForDeploymentPostprocessing = 0;
		};
/* End PBXResourcesBuildPhase section */

/* Begin PBXSourcesBuildPhase section */
		C03F00DE1BB7A672002BA7F3 /* Sources */ = {
			isa = PBXSourcesBuildPhase;
			buildActionMask = 2147483647;
			files = (
				C03F00E81BB7A672002BA7F3 /* ViewController.swift in Sources */,
				C03F00E61BB7A672002BA7F3 /* AppDelegate.swift in Sources */,
				C0D426501BBB889C00311C0F /* CollectionViewCell.swift in Sources */,
				C0D426541BBBA9D200311C0F /* FlickrAPIs.swift in Sources */,
				C03F00EE1BB7A672002BA7F3 /* VirtualTourist.xcdatamodeld in Sources */,
				C0D426581BBE3DED00311C0F /* PhotoFullViewController.swift in Sources */,
				C03F01171BB7A7D7002BA7F3 /* MapViewController.swift in Sources */,
				C0D426521BBBA46F00311C0F /* GeoExtensions.swift in Sources */,
				C0D4264E1BBA401D00311C0F /* PhotoGalleryViewController.swift in Sources */,
			);
			runOnlyForDeploymentPostprocessing = 0;
		};
		C03F00F51BB7A672002BA7F3 /* Sources */ = {
			isa = PBXSourcesBuildPhase;
			buildActionMask = 2147483647;
			files = (
				C03F00FE1BB7A672002BA7F3 /* VirtualTouristTests.swift in Sources */,
			);
			runOnlyForDeploymentPostprocessing = 0;
		};
		C03F01001BB7A672002BA7F3 /* Sources */ = {
			isa = PBXSourcesBuildPhase;
			buildActionMask = 2147483647;
			files = (
				C03F01091BB7A672002BA7F3 /* VirtualTouristUITests.swift in Sources */,
			);
			runOnlyForDeploymentPostprocessing = 0;
		};
/* End PBXSourcesBuildPhase section */

/* Begin PBXTargetDependency section */
		C03F00FB1BB7A672002BA7F3 /* PBXTargetDependency */ = {
			isa = PBXTargetDependency;
			target = C03F00E11BB7A672002BA7F3 /* VirtualTourist */;
			targetProxy = C03F00FA1BB7A672002BA7F3 /* PBXContainerItemProxy */;
		};
		C03F01061BB7A672002BA7F3 /* PBXTargetDependency */ = {
			isa = PBXTargetDependency;
			target = C03F00E11BB7A672002BA7F3 /* VirtualTourist */;
			targetProxy = C03F01051BB7A672002BA7F3 /* PBXContainerItemProxy */;
		};
/* End PBXTargetDependency section */

/* Begin PBXVariantGroup section */
		C03F00E91BB7A672002BA7F3 /* Main.storyboard */ = {
			isa = PBXVariantGroup;
			children = (
				C03F00EA1BB7A672002BA7F3 /* Base */,
			);
			name = Main.storyboard;
			sourceTree = "<group>";
		};
		C03F00F11BB7A672002BA7F3 /* LaunchScreen.storyboard */ = {
			isa = PBXVariantGroup;
			children = (
				C03F00F21BB7A672002BA7F3 /* Base */,
			);
			name = LaunchScreen.storyboard;
			sourceTree = "<group>";
		};
/* End PBXVariantGroup section */

/* Begin XCBuildConfiguration section */
		C03F010B1BB7A672002BA7F3 /* Debug */ = {
			isa = XCBuildConfiguration;
			buildSettings = {
				ALWAYS_SEARCH_USER_PATHS = NO;
				CLANG_CXX_LANGUAGE_STANDARD = "gnu++0x";
				CLANG_CXX_LIBRARY = "libc++";
				CLANG_ENABLE_MODULES = YES;
				CLANG_ENABLE_OBJC_ARC = YES;
				CLANG_WARN_BOOL_CONVERSION = YES;
				CLANG_WARN_CONSTANT_CONVERSION = YES;
				CLANG_WARN_DIRECT_OBJC_ISA_USAGE = YES_ERROR;
				CLANG_WARN_EMPTY_BODY = YES;
				CLANG_WARN_ENUM_CONVERSION = YES;
				CLANG_WARN_INT_CONVERSION = YES;
				CLANG_WARN_OBJC_ROOT_CLASS = YES_ERROR;
				CLANG_WARN_UNREACHABLE_CODE = YES;
				CLANG_WARN__DUPLICATE_METHOD_MATCH = YES;
				"CODE_SIGN_IDENTITY[sdk=iphoneos*]" = "iPhone Developer";
				COPY_PHASE_STRIP = NO;
				DEBUG_INFORMATION_FORMAT = dwarf;
				ENABLE_STRICT_OBJC_MSGSEND = YES;
				ENABLE_TESTABILITY = YES;
				GCC_C_LANGUAGE_STANDARD = gnu99;
				GCC_DYNAMIC_NO_PIC = NO;
				GCC_NO_COMMON_BLOCKS = YES;
				GCC_OPTIMIZATION_LEVEL = 0;
				GCC_PREPROCESSOR_DEFINITIONS = (
					"DEBUG=1",
					"$(inherited)",
				);
				GCC_WARN_64_TO_32_BIT_CONVERSION = YES;
				GCC_WARN_ABOUT_RETURN_TYPE = YES_ERROR;
				GCC_WARN_UNDECLARED_SELECTOR = YES;
				GCC_WARN_UNINITIALIZED_AUTOS = YES_AGGRESSIVE;
				GCC_WARN_UNUSED_FUNCTION = YES;
				GCC_WARN_UNUSED_VARIABLE = YES;
				IPHONEOS_DEPLOYMENT_TARGET = 9.0;
				MTL_ENABLE_DEBUG_INFO = YES;
				ONLY_ACTIVE_ARCH = YES;
				SDKROOT = iphoneos;
				SWIFT_OPTIMIZATION_LEVEL = "-Onone";
			};
			name = Debug;
		};
		C03F010C1BB7A672002BA7F3 /* Release */ = {
			isa = XCBuildConfiguration;
			buildSettings = {
				ALWAYS_SEARCH_USER_PATHS = NO;
				CLANG_CXX_LANGUAGE_STANDARD = "gnu++0x";
				CLANG_CXX_LIBRARY = "libc++";
				CLANG_ENABLE_MODULES = YES;
				CLANG_ENABLE_OBJC_ARC = YES;
				CLANG_WARN_BOOL_CONVERSION = YES;
				CLANG_WARN_CONSTANT_CONVERSION = YES;
				CLANG_WARN_DIRECT_OBJC_ISA_USAGE = YES_ERROR;
				CLANG_WARN_EMPTY_BODY = YES;
				CLANG_WARN_ENUM_CONVERSION = YES;
				CLANG_WARN_INT_CONVERSION = YES;
				CLANG_WARN_OBJC_ROOT_CLASS = YES_ERROR;
				CLANG_WARN_UNREACHABLE_CODE = YES;
				CLANG_WARN__DUPLICATE_METHOD_MATCH = YES;
				"CODE_SIGN_IDENTITY[sdk=iphoneos*]" = "iPhone Developer";
				COPY_PHASE_STRIP = NO;
				DEBUG_INFORMATION_FORMAT = "dwarf-with-dsym";
				ENABLE_NS_ASSERTIONS = NO;
				ENABLE_STRICT_OBJC_MSGSEND = YES;
				GCC_C_LANGUAGE_STANDARD = gnu99;
				GCC_NO_COMMON_BLOCKS = YES;
				GCC_WARN_64_TO_32_BIT_CONVERSION = YES;
				GCC_WARN_ABOUT_RETURN_TYPE = YES_ERROR;
				GCC_WARN_UNDECLARED_SELECTOR = YES;
				GCC_WARN_UNINITIALIZED_AUTOS = YES_AGGRESSIVE;
				GCC_WARN_UNUSED_FUNCTION = YES;
				GCC_WARN_UNUSED_VARIABLE = YES;
				IPHONEOS_DEPLOYMENT_TARGET = 9.0;
				MTL_ENABLE_DEBUG_INFO = NO;
				SDKROOT = iphoneos;
				VALIDATE_PRODUCT = YES;
			};
			name = Release;
		};
		C03F010E1BB7A672002BA7F3 /* Debug */ = {
			isa = XCBuildConfiguration;
			buildSettings = {
				ASSETCATALOG_COMPILER_APPICON_NAME = AppIcon;
				INFOPLIST_FILE = VirtualTourist/Info.plist;
				LD_RUNPATH_SEARCH_PATHS = "$(inherited) @executable_path/Frameworks";
				PRODUCT_BUNDLE_IDENTIFIER = com.lonico77.VirtualTourist;
				PRODUCT_NAME = "$(TARGET_NAME)";
			};
			name = Debug;
		};
		C03F010F1BB7A672002BA7F3 /* Release */ = {
			isa = XCBuildConfiguration;
			buildSettings = {
				ASSETCATALOG_COMPILER_APPICON_NAME = AppIcon;
				INFOPLIST_FILE = VirtualTourist/Info.plist;
				LD_RUNPATH_SEARCH_PATHS = "$(inherited) @executable_path/Frameworks";
				PRODUCT_BUNDLE_IDENTIFIER = com.lonico77.VirtualTourist;
				PRODUCT_NAME = "$(TARGET_NAME)";
			};
			name = Release;
		};
		C03F01111BB7A672002BA7F3 /* Debug */ = {
			isa = XCBuildConfiguration;
			buildSettings = {
				BUNDLE_LOADER = "$(TEST_HOST)";
				INFOPLIST_FILE = VirtualTouristTests/Info.plist;
				LD_RUNPATH_SEARCH_PATHS = "$(inherited) @executable_path/Frameworks @loader_path/Frameworks";
				PRODUCT_BUNDLE_IDENTIFIER = com.lonico77.VirtualTouristTests;
				PRODUCT_NAME = "$(TARGET_NAME)";
				TEST_HOST = "$(BUILT_PRODUCTS_DIR)/VirtualTourist.app/VirtualTourist";
			};
			name = Debug;
		};
		C03F01121BB7A672002BA7F3 /* Release */ = {
			isa = XCBuildConfiguration;
			buildSettings = {
				BUNDLE_LOADER = "$(TEST_HOST)";
				INFOPLIST_FILE = VirtualTouristTests/Info.plist;
				LD_RUNPATH_SEARCH_PATHS = "$(inherited) @executable_path/Frameworks @loader_path/Frameworks";
				PRODUCT_BUNDLE_IDENTIFIER = com.lonico77.VirtualTouristTests;
				PRODUCT_NAME = "$(TARGET_NAME)";
				TEST_HOST = "$(BUILT_PRODUCTS_DIR)/VirtualTourist.app/VirtualTourist";
			};
			name = Release;
		};
		C03F01141BB7A672002BA7F3 /* Debug */ = {
			isa = XCBuildConfiguration;
			buildSettings = {
				INFOPLIST_FILE = VirtualTouristUITests/Info.plist;
				LD_RUNPATH_SEARCH_PATHS = "$(inherited) @executable_path/Frameworks @loader_path/Frameworks";
				PRODUCT_BUNDLE_IDENTIFIER = com.lonico77.VirtualTouristUITests;
				PRODUCT_NAME = "$(TARGET_NAME)";
				TEST_TARGET_NAME = VirtualTourist;
				USES_XCTRUNNER = YES;
			};
			name = Debug;
		};
		C03F01151BB7A672002BA7F3 /* Release */ = {
			isa = XCBuildConfiguration;
			buildSettings = {
				INFOPLIST_FILE = VirtualTouristUITests/Info.plist;
				LD_RUNPATH_SEARCH_PATHS = "$(inherited) @executable_path/Frameworks @loader_path/Frameworks";
				PRODUCT_BUNDLE_IDENTIFIER = com.lonico77.VirtualTouristUITests;
				PRODUCT_NAME = "$(TARGET_NAME)";
				TEST_TARGET_NAME = VirtualTourist;
				USES_XCTRUNNER = YES;
			};
			name = Release;
		};
/* End XCBuildConfiguration section */

/* Begin XCConfigurationList section */
		C03F00DD1BB7A672002BA7F3 /* Build configuration list for PBXProject "VirtualTourist" */ = {
			isa = XCConfigurationList;
			buildConfigurations = (
				C03F010B1BB7A672002BA7F3 /* Debug */,
				C03F010C1BB7A672002BA7F3 /* Release */,
			);
			defaultConfigurationIsVisible = 0;
			defaultConfigurationName = Release;
		};
		C03F010D1BB7A672002BA7F3 /* Build configuration list for PBXNativeTarget "VirtualTourist" */ = {
			isa = XCConfigurationList;
			buildConfigurations = (
				C03F010E1BB7A672002BA7F3 /* Debug */,
				C03F010F1BB7A672002BA7F3 /* Release */,
			);
			defaultConfigurationIsVisible = 0;
			defaultConfigurationName = Release;
		};
		C03F01101BB7A672002BA7F3 /* Build configuration list for PBXNativeTarget "VirtualTouristTests" */ = {
			isa = XCConfigurationList;
			buildConfigurations = (
				C03F01111BB7A672002BA7F3 /* Debug */,
				C03F01121BB7A672002BA7F3 /* Release */,
			);
			defaultConfigurationIsVisible = 0;
			defaultConfigurationName = Release;
		};
		C03F01131BB7A672002BA7F3 /* Build configuration list for PBXNativeTarget "VirtualTouristUITests" */ = {
			isa = XCConfigurationList;
			buildConfigurations = (
				C03F01141BB7A672002BA7F3 /* Debug */,
				C03F01151BB7A672002BA7F3 /* Release */,
			);
			defaultConfigurationIsVisible = 0;
			defaultConfigurationName = Release;
		};
/* End XCConfigurationList section */

/* Begin XCVersionGroup section */
		C03F00EC1BB7A672002BA7F3 /* VirtualTourist.xcdatamodeld */ = {
			isa = XCVersionGroup;
			children = (
				C03F00ED1BB7A672002BA7F3 /* VirtualTourist.xcdatamodel */,
			);
			currentVersion = C03F00ED1BB7A672002BA7F3 /* VirtualTourist.xcdatamodel */;
			path = VirtualTourist.xcdatamodeld;
			sourceTree = "<group>";
			versionGroupType = wrapper.xcdatamodel;
		};
/* End XCVersionGroup section */
	};
	rootObject = C03F00DA1BB7A672002BA7F3 /* Project object */;
}
